// !$*UTF8*$!
{
	archiveVersion = 1;
	classes = {
	};
	objectVersion = 46;
	objects = {

/* Begin PBXBuildFile section */
		237AD5C266E40B4BA3401D9C /* libPods-AlipayDemo.a in Frameworks */ = {isa = PBXBuildFile; fileRef = 7843CA3B55194315031C976D /* libPods-AlipayDemo.a */; };
		541AB65A1EF22189002EBB36 /* APIServiceUrl.m in Sources */ = {isa = PBXBuildFile; fileRef = 541AB6501EF22189002EBB36 /* APIServiceUrl.m */; };
		541AB65B1EF22189002EBB36 /* ClientDownloadManager.m in Sources */ = {isa = PBXBuildFile; fileRef = 541AB6521EF22189002EBB36 /* ClientDownloadManager.m */; };
		541AB65C1EF22189002EBB36 /* ClientRequestManger.m in Sources */ = {isa = PBXBuildFile; fileRef = 541AB6541EF22189002EBB36 /* ClientRequestManger.m */; };
		541AB65D1EF22189002EBB36 /* NSJSONSerialization+BSLJSON.m in Sources */ = {isa = PBXBuildFile; fileRef = 541AB6571EF22189002EBB36 /* NSJSONSerialization+BSLJSON.m */; };
		541AB65E1EF22189002EBB36 /* NSString+ClientDownload.m in Sources */ = {isa = PBXBuildFile; fileRef = 541AB6591EF22189002EBB36 /* NSString+ClientDownload.m */; };
		541E865E1ED7F1C70059E5DC /* HTBaseTableView.m in Sources */ = {isa = PBXBuildFile; fileRef = 541E86581ED7F1C70059E5DC /* HTBaseTableView.m */; };
		541E865F1ED7F1C70059E5DC /* HTContainerView.m in Sources */ = {isa = PBXBuildFile; fileRef = 541E865A1ED7F1C70059E5DC /* HTContainerView.m */; };
		541E86631ED7FE3E0059E5DC /* HTMyCenterHeader.m in Sources */ = {isa = PBXBuildFile; fileRef = 541E86621ED7FE3E0059E5DC /* HTMyCenterHeader.m */; };
		542147FF1EA8D2B500B1461A /* HttpManager.m in Sources */ = {isa = PBXBuildFile; fileRef = 542147FE1EA8D2B500B1461A /* HttpManager.m */; };
		5424E2111F31825C00900D37 /* HTMyCenterTableView.m in Sources */ = {isa = PBXBuildFile; fileRef = 5424E2101F31825C00900D37 /* HTMyCenterTableView.m */; };
		545A91011EAF344700FC2912 /* edit_norml.png in Resources */ = {isa = PBXBuildFile; fileRef = 545A91001EAF344700FC2912 /* edit_norml.png */; };
		54FE23E61ED6B591009AA82D /* HTMyCenterController.m in Sources */ = {isa = PBXBuildFile; fileRef = 54FE23E51ED6B591009AA82D /* HTMyCenterController.m */; };
		6F63D9401EA5D8DC00B4AF23 /* AppDelegate.m in Sources */ = {isa = PBXBuildFile; fileRef = 6F85859C1E9F60AA0072D840 /* AppDelegate.m */; };
		6F63D9C11EA5E21B00B4AF23 /* HTApplicationController.m in Sources */ = {isa = PBXBuildFile; fileRef = 6F63D99F1EA5E21B00B4AF23 /* HTApplicationController.m */; };
		6F63D9C21EA5E21B00B4AF23 /* MyApplicationView.m in Sources */ = {isa = PBXBuildFile; fileRef = 6F63D9A21EA5E21B00B4AF23 /* MyApplicationView.m */; };
		6F63D9C31EA5E21B00B4AF23 /* YTModel.m in Sources */ = {isa = PBXBuildFile; fileRef = 6F63D9A61EA5E21B00B4AF23 /* YTModel.m */; };
		6F63D9C41EA5E21B00B4AF23 /* HTHomeMainController.m in Sources */ = {isa = PBXBuildFile; fileRef = 6F63D9AB1EA5E21B00B4AF23 /* HTHomeMainController.m */; };
		6F63D9C51EA5E21C00B4AF23 /* YTHomeBaseController.m in Sources */ = {isa = PBXBuildFile; fileRef = 6F63D9AD1EA5E21B00B4AF23 /* YTHomeBaseController.m */; };
		6F63D9C61EA5E21C00B4AF23 /* YTHomeHeaderView.m in Sources */ = {isa = PBXBuildFile; fileRef = 6F63D9B01EA5E21B00B4AF23 /* YTHomeHeaderView.m */; };
		6F63D9C81EA5E21C00B4AF23 /* HTMessageController.m in Sources */ = {isa = PBXBuildFile; fileRef = 6F63D9B71EA5E21B00B4AF23 /* HTMessageController.m */; };
		6F63D9CB1EA5E21C00B4AF23 /* HexColors.m in Sources */ = {isa = PBXBuildFile; fileRef = 6F63D9C01EA5E21B00B4AF23 /* HexColors.m */; };
		6F85859A1E9F60AA0072D840 /* main.m in Sources */ = {isa = PBXBuildFile; fileRef = 6F8585991E9F60AA0072D840 /* main.m */; };
		6F8585A01E9F60AA0072D840 /* ViewController.m in Sources */ = {isa = PBXBuildFile; fileRef = 6F85859F1E9F60AA0072D840 /* ViewController.m */; };
		6F8585A31E9F60AA0072D840 /* Main.storyboard in Resources */ = {isa = PBXBuildFile; fileRef = 6F8585A11E9F60AA0072D840 /* Main.storyboard */; };
		6F8585A51E9F60AA0072D840 /* Assets.xcassets in Resources */ = {isa = PBXBuildFile; fileRef = 6F8585A41E9F60AA0072D840 /* Assets.xcassets */; };
		6F8585A81E9F60AA0072D840 /* LaunchScreen.storyboard in Resources */ = {isa = PBXBuildFile; fileRef = 6F8585A61E9F60AA0072D840 /* LaunchScreen.storyboard */; };
/* End PBXBuildFile section */

/* Begin PBXFileReference section */
		293A1EFCD3D4C588041F8492 /* Pods-AlipayDemo.release.xcconfig */ = {isa = PBXFileReference; includeInIndex = 1; lastKnownFileType = text.xcconfig; name = "Pods-AlipayDemo.release.xcconfig"; path = "Pods/Target Support Files/Pods-AlipayDemo/Pods-AlipayDemo.release.xcconfig"; sourceTree = "<group>"; };
		541AB64F1EF22189002EBB36 /* APIServiceUrl.h */ = {isa = PBXFileReference; fileEncoding = 4; lastKnownFileType = sourcecode.c.h; path = APIServiceUrl.h; sourceTree = "<group>"; };
		541AB6501EF22189002EBB36 /* APIServiceUrl.m */ = {isa = PBXFileReference; fileEncoding = 4; lastKnownFileType = sourcecode.c.objc; path = APIServiceUrl.m; sourceTree = "<group>"; };
		541AB6511EF22189002EBB36 /* ClientDownloadManager.h */ = {isa = PBXFileReference; fileEncoding = 4; lastKnownFileType = sourcecode.c.h; path = ClientDownloadManager.h; sourceTree = "<group>"; };
		541AB6521EF22189002EBB36 /* ClientDownloadManager.m */ = {isa = PBXFileReference; fileEncoding = 4; lastKnownFileType = sourcecode.c.objc; path = ClientDownloadManager.m; sourceTree = "<group>"; };
		541AB6531EF22189002EBB36 /* ClientRequestManger.h */ = {isa = PBXFileReference; fileEncoding = 4; lastKnownFileType = sourcecode.c.h; path = ClientRequestManger.h; sourceTree = "<group>"; };
		541AB6541EF22189002EBB36 /* ClientRequestManger.m */ = {isa = PBXFileReference; fileEncoding = 4; lastKnownFileType = sourcecode.c.objc; path = ClientRequestManger.m; sourceTree = "<group>"; };
		541AB6561EF22189002EBB36 /* NSJSONSerialization+BSLJSON.h */ = {isa = PBXFileReference; fileEncoding = 4; lastKnownFileType = sourcecode.c.h; path = "NSJSONSerialization+BSLJSON.h"; sourceTree = "<group>"; };
		541AB6571EF22189002EBB36 /* NSJSONSerialization+BSLJSON.m */ = {isa = PBXFileReference; fileEncoding = 4; lastKnownFileType = sourcecode.c.objc; path = "NSJSONSerialization+BSLJSON.m"; sourceTree = "<group>"; };
		541AB6581EF22189002EBB36 /* NSString+ClientDownload.h */ = {isa = PBXFileReference; fileEncoding = 4; lastKnownFileType = sourcecode.c.h; path = "NSString+ClientDownload.h"; sourceTree = "<group>"; };
		541AB6591EF22189002EBB36 /* NSString+ClientDownload.m */ = {isa = PBXFileReference; fileEncoding = 4; lastKnownFileType = sourcecode.c.objc; path = "NSString+ClientDownload.m"; sourceTree = "<group>"; };
		541E86571ED7F1C70059E5DC /* HTBaseTableView.h */ = {isa = PBXFileReference; fileEncoding = 4; lastKnownFileType = sourcecode.c.h; path = HTBaseTableView.h; sourceTree = "<group>"; };
		541E86581ED7F1C70059E5DC /* HTBaseTableView.m */ = {isa = PBXFileReference; fileEncoding = 4; lastKnownFileType = sourcecode.c.objc; path = HTBaseTableView.m; sourceTree = "<group>"; };
		541E86591ED7F1C70059E5DC /* HTContainerView.h */ = {isa = PBXFileReference; fileEncoding = 4; lastKnownFileType = sourcecode.c.h; path = HTContainerView.h; sourceTree = "<group>"; };
		541E865A1ED7F1C70059E5DC /* HTContainerView.m */ = {isa = PBXFileReference; fileEncoding = 4; lastKnownFileType = sourcecode.c.objc; path = HTContainerView.m; sourceTree = "<group>"; };
		541E86611ED7FE3E0059E5DC /* HTMyCenterHeader.h */ = {isa = PBXFileReference; fileEncoding = 4; lastKnownFileType = sourcecode.c.h; path = HTMyCenterHeader.h; sourceTree = "<group>"; };
		541E86621ED7FE3E0059E5DC /* HTMyCenterHeader.m */ = {isa = PBXFileReference; fileEncoding = 4; lastKnownFileType = sourcecode.c.objc; path = HTMyCenterHeader.m; sourceTree = "<group>"; };
		541E86641ED8138A0059E5DC /* HTScrollProtocol.h */ = {isa = PBXFileReference; fileEncoding = 4; lastKnownFileType = sourcecode.c.h; path = HTScrollProtocol.h; sourceTree = "<group>"; };
		542147FD1EA8D2B500B1461A /* HttpManager.h */ = {isa = PBXFileReference; fileEncoding = 4; lastKnownFileType = sourcecode.c.h; path = HttpManager.h; sourceTree = "<group>"; };
		542147FE1EA8D2B500B1461A /* HttpManager.m */ = {isa = PBXFileReference; fileEncoding = 4; lastKnownFileType = sourcecode.c.objc; path = HttpManager.m; sourceTree = "<group>"; };
		5424E20F1F31825C00900D37 /* HTMyCenterTableView.h */ = {isa = PBXFileReference; fileEncoding = 4; lastKnownFileType = sourcecode.c.h; path = HTMyCenterTableView.h; sourceTree = "<group>"; };
		5424E2101F31825C00900D37 /* HTMyCenterTableView.m */ = {isa = PBXFileReference; fileEncoding = 4; lastKnownFileType = sourcecode.c.objc; path = HTMyCenterTableView.m; sourceTree = "<group>"; };
		545A91001EAF344700FC2912 /* edit_norml.png */ = {isa = PBXFileReference; lastKnownFileType = image.png; path = edit_norml.png; sourceTree = "<group>"; };
		54FE23E41ED6B591009AA82D /* HTMyCenterController.h */ = {isa = PBXFileReference; fileEncoding = 4; lastKnownFileType = sourcecode.c.h; path = HTMyCenterController.h; sourceTree = "<group>"; };
		54FE23E51ED6B591009AA82D /* HTMyCenterController.m */ = {isa = PBXFileReference; fileEncoding = 4; lastKnownFileType = sourcecode.c.objc; path = HTMyCenterController.m; sourceTree = "<group>"; };
		6F63D9041EA5BCDC00B4AF23 /* YTPrefixHeader.pch */ = {isa = PBXFileReference; lastKnownFileType = sourcecode.c.h; path = YTPrefixHeader.pch; sourceTree = "<group>"; };
		6F63D99E1EA5E21B00B4AF23 /* HTApplicationController.h */ = {isa = PBXFileReference; fileEncoding = 4; lastKnownFileType = sourcecode.c.h; path = HTApplicationController.h; sourceTree = "<group>"; };
		6F63D99F1EA5E21B00B4AF23 /* HTApplicationController.m */ = {isa = PBXFileReference; fileEncoding = 4; lastKnownFileType = sourcecode.c.objc; path = HTApplicationController.m; sourceTree = "<group>"; };
		6F63D9A11EA5E21B00B4AF23 /* MyApplicationView.h */ = {isa = PBXFileReference; fileEncoding = 4; lastKnownFileType = sourcecode.c.h; path = MyApplicationView.h; sourceTree = "<group>"; };
		6F63D9A21EA5E21B00B4AF23 /* MyApplicationView.m */ = {isa = PBXFileReference; fileEncoding = 4; lastKnownFileType = sourcecode.c.objc; path = MyApplicationView.m; sourceTree = "<group>"; };
		6F63D9A51EA5E21B00B4AF23 /* YTModel.h */ = {isa = PBXFileReference; fileEncoding = 4; lastKnownFileType = sourcecode.c.h; path = YTModel.h; sourceTree = "<group>"; };
		6F63D9A61EA5E21B00B4AF23 /* YTModel.m */ = {isa = PBXFileReference; fileEncoding = 4; lastKnownFileType = sourcecode.c.objc; path = YTModel.m; sourceTree = "<group>"; };
		6F63D9A91EA5E21B00B4AF23 /* YTHomeActionProtocol.h */ = {isa = PBXFileReference; fileEncoding = 4; lastKnownFileType = sourcecode.c.h; path = YTHomeActionProtocol.h; sourceTree = "<group>"; };
		6F63D9AA1EA5E21B00B4AF23 /* HTHomeMainController.h */ = {isa = PBXFileReference; fileEncoding = 4; lastKnownFileType = sourcecode.c.h; path = HTHomeMainController.h; sourceTree = "<group>"; };
		6F63D9AB1EA5E21B00B4AF23 /* HTHomeMainController.m */ = {isa = PBXFileReference; fileEncoding = 4; lastKnownFileType = sourcecode.c.objc; path = HTHomeMainController.m; sourceTree = "<group>"; };
		6F63D9AC1EA5E21B00B4AF23 /* YTHomeBaseController.h */ = {isa = PBXFileReference; fileEncoding = 4; lastKnownFileType = sourcecode.c.h; path = YTHomeBaseController.h; sourceTree = "<group>"; };
		6F63D9AD1EA5E21B00B4AF23 /* YTHomeBaseController.m */ = {isa = PBXFileReference; fileEncoding = 4; lastKnownFileType = sourcecode.c.objc; path = YTHomeBaseController.m; sourceTree = "<group>"; };
		6F63D9AF1EA5E21B00B4AF23 /* YTHomeHeaderView.h */ = {isa = PBXFileReference; fileEncoding = 4; lastKnownFileType = sourcecode.c.h; path = YTHomeHeaderView.h; sourceTree = "<group>"; };
		6F63D9B01EA5E21B00B4AF23 /* YTHomeHeaderView.m */ = {isa = PBXFileReference; fileEncoding = 4; lastKnownFileType = sourcecode.c.objc; path = YTHomeHeaderView.m; sourceTree = "<group>"; };
		6F63D9B61EA5E21B00B4AF23 /* HTMessageController.h */ = {isa = PBXFileReference; fileEncoding = 4; lastKnownFileType = sourcecode.c.h; path = HTMessageController.h; sourceTree = "<group>"; };
		6F63D9B71EA5E21B00B4AF23 /* HTMessageController.m */ = {isa = PBXFileReference; fileEncoding = 4; lastKnownFileType = sourcecode.c.objc; path = HTMessageController.m; sourceTree = "<group>"; };
		6F63D9BF1EA5E21B00B4AF23 /* HexColors.h */ = {isa = PBXFileReference; fileEncoding = 4; lastKnownFileType = sourcecode.c.h; path = HexColors.h; sourceTree = "<group>"; };
		6F63D9C01EA5E21B00B4AF23 /* HexColors.m */ = {isa = PBXFileReference; fileEncoding = 4; lastKnownFileType = sourcecode.c.objc; path = HexColors.m; sourceTree = "<group>"; };
		6F8585951E9F60AA0072D840 /* AlipayDemo.app */ = {isa = PBXFileReference; explicitFileType = wrapper.application; includeInIndex = 0; path = AlipayDemo.app; sourceTree = BUILT_PRODUCTS_DIR; };
		6F8585991E9F60AA0072D840 /* main.m */ = {isa = PBXFileReference; lastKnownFileType = sourcecode.c.objc; path = main.m; sourceTree = "<group>"; };
		6F85859B1E9F60AA0072D840 /* AppDelegate.h */ = {isa = PBXFileReference; lastKnownFileType = sourcecode.c.h; path = AppDelegate.h; sourceTree = "<group>"; };
		6F85859C1E9F60AA0072D840 /* AppDelegate.m */ = {isa = PBXFileReference; lastKnownFileType = sourcecode.c.objc; path = AppDelegate.m; sourceTree = "<group>"; };
		6F85859E1E9F60AA0072D840 /* ViewController.h */ = {isa = PBXFileReference; lastKnownFileType = sourcecode.c.h; path = ViewController.h; sourceTree = "<group>"; };
		6F85859F1E9F60AA0072D840 /* ViewController.m */ = {isa = PBXFileReference; lastKnownFileType = sourcecode.c.objc; path = ViewController.m; sourceTree = "<group>"; };
		6F8585A21E9F60AA0072D840 /* Base */ = {isa = PBXFileReference; lastKnownFileType = file.storyboard; name = Base; path = Base.lproj/Main.storyboard; sourceTree = "<group>"; };
		6F8585A41E9F60AA0072D840 /* Assets.xcassets */ = {isa = PBXFileReference; lastKnownFileType = folder.assetcatalog; path = Assets.xcassets; sourceTree = "<group>"; };
		6F8585A71E9F60AA0072D840 /* Base */ = {isa = PBXFileReference; lastKnownFileType = file.storyboard; name = Base; path = Base.lproj/LaunchScreen.storyboard; sourceTree = "<group>"; };
		6F8585A91E9F60AA0072D840 /* Info.plist */ = {isa = PBXFileReference; lastKnownFileType = text.plist.xml; path = Info.plist; sourceTree = "<group>"; };
		7843CA3B55194315031C976D /* libPods-AlipayDemo.a */ = {isa = PBXFileReference; explicitFileType = archive.ar; includeInIndex = 0; path = "libPods-AlipayDemo.a"; sourceTree = BUILT_PRODUCTS_DIR; };
		DA275ED3E6CB8A3E9CC65630 /* Pods-AlipayDemo.debug.xcconfig */ = {isa = PBXFileReference; includeInIndex = 1; lastKnownFileType = text.xcconfig; name = "Pods-AlipayDemo.debug.xcconfig"; path = "Pods/Target Support Files/Pods-AlipayDemo/Pods-AlipayDemo.debug.xcconfig"; sourceTree = "<group>"; };
/* End PBXFileReference section */

/* Begin PBXFrameworksBuildPhase section */
		6F8585921E9F60AA0072D840 /* Frameworks */ = {
			isa = PBXFrameworksBuildPhase;
			buildActionMask = 2147483647;
			files = (
				237AD5C266E40B4BA3401D9C /* libPods-AlipayDemo.a in Frameworks */,
			);
			runOnlyForDeploymentPostprocessing = 0;
		};
/* End PBXFrameworksBuildPhase section */

/* Begin PBXGroup section */
		158D0FB1E16CE9F0BE56F48A /* Pods */ = {
			isa = PBXGroup;
			children = (
				DA275ED3E6CB8A3E9CC65630 /* Pods-AlipayDemo.debug.xcconfig */,
				293A1EFCD3D4C588041F8492 /* Pods-AlipayDemo.release.xcconfig */,
			);
			name = Pods;
			sourceTree = "<group>";
		};
		541AB64D1EF22189002EBB36 /* Manager */ = {
			isa = PBXGroup;
			children = (
				541AB64E1EF22189002EBB36 /* HtttpManger */,
			);
			path = Manager;
			sourceTree = "<group>";
		};
		541AB64E1EF22189002EBB36 /* HtttpManger */ = {
			isa = PBXGroup;
			children = (
				541AB64F1EF22189002EBB36 /* APIServiceUrl.h */,
				541AB6501EF22189002EBB36 /* APIServiceUrl.m */,
				541AB6511EF22189002EBB36 /* ClientDownloadManager.h */,
				541AB6521EF22189002EBB36 /* ClientDownloadManager.m */,
				541AB6531EF22189002EBB36 /* ClientRequestManger.h */,
				541AB6541EF22189002EBB36 /* ClientRequestManger.m */,
				541AB6551EF22189002EBB36 /* Unit */,
			);
			path = HtttpManger;
			sourceTree = "<group>";
		};
		541AB6551EF22189002EBB36 /* Unit */ = {
			isa = PBXGroup;
			children = (
				541AB6561EF22189002EBB36 /* NSJSONSerialization+BSLJSON.h */,
				541AB6571EF22189002EBB36 /* NSJSONSerialization+BSLJSON.m */,
				541AB6581EF22189002EBB36 /* NSString+ClientDownload.h */,
				541AB6591EF22189002EBB36 /* NSString+ClientDownload.m */,
			);
			path = Unit;
			sourceTree = "<group>";
		};
		541E86531ED7F1710059E5DC /* View */ = {
			isa = PBXGroup;
			children = (
				541E86611ED7FE3E0059E5DC /* HTMyCenterHeader.h */,
				541E86621ED7FE3E0059E5DC /* HTMyCenterHeader.m */,
				541E86541ED7F1C70059E5DC /* ScrollContainer */,
				541E86641ED8138A0059E5DC /* HTScrollProtocol.h */,
			);
			path = View;
			sourceTree = "<group>";
		};
		541E86541ED7F1C70059E5DC /* ScrollContainer */ = {
			isa = PBXGroup;
			children = (
				541E86591ED7F1C70059E5DC /* HTContainerView.h */,
				541E865A1ED7F1C70059E5DC /* HTContainerView.m */,
				541E86571ED7F1C70059E5DC /* HTBaseTableView.h */,
				541E86581ED7F1C70059E5DC /* HTBaseTableView.m */,
				5424E20F1F31825C00900D37 /* HTMyCenterTableView.h */,
				5424E2101F31825C00900D37 /* HTMyCenterTableView.m */,
			);
			path = ScrollContainer;
			sourceTree = "<group>";
		};
		545A90FF1EAF344700FC2912 /* resource */ = {
			isa = PBXGroup;
			children = (
				545A91001EAF344700FC2912 /* edit_norml.png */,
			);
			path = resource;
			sourceTree = "<group>";
		};
		545A918D1EAF5C4E00FC2912 /* View */ = {
			isa = PBXGroup;
			children = (
			);
			path = View;
			sourceTree = "<group>";
		};
		547E996F1EC022AD00161792 /* config */ = {
			isa = PBXGroup;
			children = (
			);
			path = config;
			sourceTree = "<group>";
		};
		547E997C1EC06CED00161792 /* VC */ = {
			isa = PBXGroup;
			children = (
			);
			path = VC;
			sourceTree = "<group>";
		};
		54FE23E01ED6B4F7009AA82D /* MyCenter */ = {
			isa = PBXGroup;
			children = (
				541E86531ED7F1710059E5DC /* View */,
				54FE23E11ED6B4F7009AA82D /* Model */,
				54FE23E21ED6B4F7009AA82D /* VC */,
			);
			path = MyCenter;
			sourceTree = "<group>";
		};
		54FE23E11ED6B4F7009AA82D /* Model */ = {
			isa = PBXGroup;
			children = (
			);
			path = Model;
			sourceTree = "<group>";
		};
		54FE23E21ED6B4F7009AA82D /* VC */ = {
			isa = PBXGroup;
			children = (
				54FE23E41ED6B591009AA82D /* HTMyCenterController.h */,
				54FE23E51ED6B591009AA82D /* HTMyCenterController.m */,
			);
			path = VC;
			sourceTree = "<group>";
		};
		6F63D99B1EA5E21B00B4AF23 /* Class */ = {
			isa = PBXGroup;
			children = (
				541AB64D1EF22189002EBB36 /* Manager */,
				6F63D9A31EA5E21B00B4AF23 /* BaseClass */,
				6F63D9BD1EA5E21B00B4AF23 /* Ventor */,
				54FE23E01ED6B4F7009AA82D /* MyCenter */,
				6F63D99C1EA5E21B00B4AF23 /* Application */,
				6F63D9A71EA5E21B00B4AF23 /* Home */,
				6F63D9B11EA5E21B00B4AF23 /* Message */,
			);
			path = Class;
			sourceTree = "<group>";
		};
		6F63D99C1EA5E21B00B4AF23 /* Application */ = {
			isa = PBXGroup;
			children = (
				545A90FF1EAF344700FC2912 /* resource */,
				6F63D99D1EA5E21B00B4AF23 /* VC */,
				6F63D9A01EA5E21B00B4AF23 /* View */,
			);
			path = Application;
			sourceTree = "<group>";
		};
		6F63D99D1EA5E21B00B4AF23 /* VC */ = {
			isa = PBXGroup;
			children = (
				6F63D99E1EA5E21B00B4AF23 /* HTApplicationController.h */,
				6F63D99F1EA5E21B00B4AF23 /* HTApplicationController.m */,
			);
			path = VC;
			sourceTree = "<group>";
		};
		6F63D9A01EA5E21B00B4AF23 /* View */ = {
			isa = PBXGroup;
			children = (
				6F63D9A11EA5E21B00B4AF23 /* MyApplicationView.h */,
				6F63D9A21EA5E21B00B4AF23 /* MyApplicationView.m */,
			);
			path = View;
			sourceTree = "<group>";
		};
		6F63D9A31EA5E21B00B4AF23 /* BaseClass */ = {
			isa = PBXGroup;
			children = (
				547E997C1EC06CED00161792 /* VC */,
				547E996F1EC022AD00161792 /* config */,
				545A918D1EAF5C4E00FC2912 /* View */,
				6F63D9A41EA5E21B00B4AF23 /* Model */,
			);
			path = BaseClass;
			sourceTree = "<group>";
		};
		6F63D9A41EA5E21B00B4AF23 /* Model */ = {
			isa = PBXGroup;
			children = (
				6F63D9A51EA5E21B00B4AF23 /* YTModel.h */,
				6F63D9A61EA5E21B00B4AF23 /* YTModel.m */,
				542147FD1EA8D2B500B1461A /* HttpManager.h */,
				542147FE1EA8D2B500B1461A /* HttpManager.m */,
			);
			path = Model;
			sourceTree = "<group>";
		};
		6F63D9A71EA5E21B00B4AF23 /* Home */ = {
			isa = PBXGroup;
			children = (
				6F63D9A81EA5E21B00B4AF23 /* VC */,
				6F63D9AE1EA5E21B00B4AF23 /* View */,
			);
			path = Home;
			sourceTree = "<group>";
		};
		6F63D9A81EA5E21B00B4AF23 /* VC */ = {
			isa = PBXGroup;
			children = (
				6F63D9A91EA5E21B00B4AF23 /* YTHomeActionProtocol.h */,
				6F63D9AC1EA5E21B00B4AF23 /* YTHomeBaseController.h */,
				6F63D9AD1EA5E21B00B4AF23 /* YTHomeBaseController.m */,
				6F63D9AA1EA5E21B00B4AF23 /* HTHomeMainController.h */,
				6F63D9AB1EA5E21B00B4AF23 /* HTHomeMainController.m */,
			);
			path = VC;
			sourceTree = "<group>";
		};
		6F63D9AE1EA5E21B00B4AF23 /* View */ = {
			isa = PBXGroup;
			children = (
				6F63D9AF1EA5E21B00B4AF23 /* YTHomeHeaderView.h */,
				6F63D9B01EA5E21B00B4AF23 /* YTHomeHeaderView.m */,
			);
			path = View;
			sourceTree = "<group>";
		};
		6F63D9B11EA5E21B00B4AF23 /* Message */ = {
			isa = PBXGroup;
			children = (
				6F63D9B21EA5E21B00B4AF23 /* VC */,
				6F63D9BA1EA5E21B00B4AF23 /* View */,
			);
			path = Message;
			sourceTree = "<group>";
		};
		6F63D9B21EA5E21B00B4AF23 /* VC */ = {
			isa = PBXGroup;
			children = (
				6F63D9B61EA5E21B00B4AF23 /* HTMessageController.h */,
				6F63D9B71EA5E21B00B4AF23 /* HTMessageController.m */,
			);
			path = VC;
			sourceTree = "<group>";
		};
		6F63D9BA1EA5E21B00B4AF23 /* View */ = {
			isa = PBXGroup;
			children = (
			);
			path = View;
			sourceTree = "<group>";
		};
		6F63D9BD1EA5E21B00B4AF23 /* Ventor */ = {
			isa = PBXGroup;
			children = (
				6F63D9BE1EA5E21B00B4AF23 /* HexColors */,
			);
			path = Ventor;
			sourceTree = "<group>";
		};
		6F63D9BE1EA5E21B00B4AF23 /* HexColors */ = {
			isa = PBXGroup;
			children = (
				6F63D9BF1EA5E21B00B4AF23 /* HexColors.h */,
				6F63D9C01EA5E21B00B4AF23 /* HexColors.m */,
			);
			path = HexColors;
			sourceTree = "<group>";
		};
		6F85858C1E9F60AA0072D840 = {
			isa = PBXGroup;
			children = (
				6F8585971E9F60AA0072D840 /* AlipayDemo */,
				6F8585961E9F60AA0072D840 /* Products */,
				158D0FB1E16CE9F0BE56F48A /* Pods */,
				F2EC7CAF7B33D892E5AC7D22 /* Frameworks */,
			);
			sourceTree = "<group>";
		};
		6F8585961E9F60AA0072D840 /* Products */ = {
			isa = PBXGroup;
			children = (
				6F8585951E9F60AA0072D840 /* AlipayDemo.app */,
			);
			name = Products;
			sourceTree = "<group>";
		};
		6F8585971E9F60AA0072D840 /* AlipayDemo */ = {
			isa = PBXGroup;
			children = (
				6F63D99B1EA5E21B00B4AF23 /* Class */,
				6F85859B1E9F60AA0072D840 /* AppDelegate.h */,
				6F85859C1E9F60AA0072D840 /* AppDelegate.m */,
				6F85859E1E9F60AA0072D840 /* ViewController.h */,
				6F85859F1E9F60AA0072D840 /* ViewController.m */,
				6F8585A11E9F60AA0072D840 /* Main.storyboard */,
				6F63D9041EA5BCDC00B4AF23 /* YTPrefixHeader.pch */,
				6F8585A41E9F60AA0072D840 /* Assets.xcassets */,
				6F8585A61E9F60AA0072D840 /* LaunchScreen.storyboard */,
				6F8585A91E9F60AA0072D840 /* Info.plist */,
				6F8585981E9F60AA0072D840 /* Supporting Files */,
			);
			path = AlipayDemo;
			sourceTree = "<group>";
		};
		6F8585981E9F60AA0072D840 /* Supporting Files */ = {
			isa = PBXGroup;
			children = (
				6F8585991E9F60AA0072D840 /* main.m */,
			);
			name = "Supporting Files";
			sourceTree = "<group>";
		};
		F2EC7CAF7B33D892E5AC7D22 /* Frameworks */ = {
			isa = PBXGroup;
			children = (
				7843CA3B55194315031C976D /* libPods-AlipayDemo.a */,
			);
			name = Frameworks;
			sourceTree = "<group>";
		};
/* End PBXGroup section */

/* Begin PBXNativeTarget section */
		6F8585941E9F60AA0072D840 /* AlipayDemo */ = {
			isa = PBXNativeTarget;
			buildConfigurationList = 6F8585AC1E9F60AA0072D840 /* Build configuration list for PBXNativeTarget "AlipayDemo" */;
			buildPhases = (
				5FB00E34F19878FCE6DA184B /* [CP] Check Pods Manifest.lock */,
				6F8585911E9F60AA0072D840 /* Sources */,
				6F8585921E9F60AA0072D840 /* Frameworks */,
				6F8585931E9F60AA0072D840 /* Resources */,
				760AFDB8000EED07727845EB /* [CP] Embed Pods Frameworks */,
				362ED2F3EB8AE87733AE9501 /* [CP] Copy Pods Resources */,
			);
			buildRules = (
			);
			dependencies = (
			);
			name = AlipayDemo;
			productName = AlipayDemo;
			productReference = 6F8585951E9F60AA0072D840 /* AlipayDemo.app */;
			productType = "com.apple.product-type.application";
		};
/* End PBXNativeTarget section */

/* Begin PBXProject section */
		6F85858D1E9F60AA0072D840 /* Project object */ = {
			isa = PBXProject;
			attributes = {
				CLASSPREFIX = HT;
				LastUpgradeCheck = 0830;
				ORGANIZATIONNAME = foreveross;
				TargetAttributes = {
					6F8585941E9F60AA0072D840 = {
						CreatedOnToolsVersion = 8.3.1;
						ProvisioningStyle = Manual;
					};
				};
			};
			buildConfigurationList = 6F8585901E9F60AA0072D840 /* Build configuration list for PBXProject "AlipayDemo" */;
			compatibilityVersion = "Xcode 3.2";
			developmentRegion = English;
			hasScannedForEncodings = 0;
			knownRegions = (
				en,
				Base,
			);
			mainGroup = 6F85858C1E9F60AA0072D840;
			productRefGroup = 6F8585961E9F60AA0072D840 /* Products */;
			projectDirPath = "";
			projectRoot = "";
			targets = (
				6F8585941E9F60AA0072D840 /* AlipayDemo */,
			);
		};
/* End PBXProject section */

/* Begin PBXResourcesBuildPhase section */
		6F8585931E9F60AA0072D840 /* Resources */ = {
			isa = PBXResourcesBuildPhase;
			buildActionMask = 2147483647;
			files = (
				6F8585A81E9F60AA0072D840 /* LaunchScreen.storyboard in Resources */,
				6F8585A51E9F60AA0072D840 /* Assets.xcassets in Resources */,
				545A91011EAF344700FC2912 /* edit_norml.png in Resources */,
				6F8585A31E9F60AA0072D840 /* Main.storyboard in Resources */,
			);
			runOnlyForDeploymentPostprocessing = 0;
		};
/* End PBXResourcesBuildPhase section */

/* Begin PBXShellScriptBuildPhase section */
		362ED2F3EB8AE87733AE9501 /* [CP] Copy Pods Resources */ = {
			isa = PBXShellScriptBuildPhase;
			buildActionMask = 2147483647;
			files = (
			);
			inputPaths = (
			);
			name = "[CP] Copy Pods Resources";
			outputPaths = (
			);
			runOnlyForDeploymentPostprocessing = 0;
			shellPath = /bin/sh;
			shellScript = "\"${SRCROOT}/Pods/Target Support Files/Pods-AlipayDemo/Pods-AlipayDemo-resources.sh\"\n";
			showEnvVarsInLog = 0;
		};
		5FB00E34F19878FCE6DA184B /* [CP] Check Pods Manifest.lock */ = {
			isa = PBXShellScriptBuildPhase;
			buildActionMask = 2147483647;
			files = (
			);
			inputPaths = (
			);
			name = "[CP] Check Pods Manifest.lock";
			outputPaths = (
			);
			runOnlyForDeploymentPostprocessing = 0;
			shellPath = /bin/sh;
			shellScript = "diff \"${PODS_ROOT}/../Podfile.lock\" \"${PODS_ROOT}/Manifest.lock\" > /dev/null\nif [ $? != 0 ] ; then\n    # print error to STDERR\n    echo \"error: The sandbox is not in sync with the Podfile.lock. Run 'pod install' or update your CocoaPods installation.\" >&2\n    exit 1\nfi\n";
			showEnvVarsInLog = 0;
		};
		760AFDB8000EED07727845EB /* [CP] Embed Pods Frameworks */ = {
			isa = PBXShellScriptBuildPhase;
			buildActionMask = 2147483647;
			files = (
			);
			inputPaths = (
			);
			name = "[CP] Embed Pods Frameworks";
			outputPaths = (
			);
			runOnlyForDeploymentPostprocessing = 0;
			shellPath = /bin/sh;
			shellScript = "\"${SRCROOT}/Pods/Target Support Files/Pods-AlipayDemo/Pods-AlipayDemo-frameworks.sh\"\n";
			showEnvVarsInLog = 0;
		};
/* End PBXShellScriptBuildPhase section */

/* Begin PBXSourcesBuildPhase section */
		6F8585911E9F60AA0072D840 /* Sources */ = {
			isa = PBXSourcesBuildPhase;
			buildActionMask = 2147483647;
			files = (
				6F63D9C51EA5E21C00B4AF23 /* YTHomeBaseController.m in Sources */,
				6F63D9CB1EA5E21C00B4AF23 /* HexColors.m in Sources */,
				542147FF1EA8D2B500B1461A /* HttpManager.m in Sources */,
				6F8585A01E9F60AA0072D840 /* ViewController.m in Sources */,
				541AB65E1EF22189002EBB36 /* NSString+ClientDownload.m in Sources */,
				541AB65B1EF22189002EBB36 /* ClientDownloadManager.m in Sources */,
				6F63D9C11EA5E21B00B4AF23 /* HTApplicationController.m in Sources */,
				5424E2111F31825C00900D37 /* HTMyCenterTableView.m in Sources */,
				6F63D9C61EA5E21C00B4AF23 /* YTHomeHeaderView.m in Sources */,
				541E865F1ED7F1C70059E5DC /* HTContainerView.m in Sources */,
				541E86631ED7FE3E0059E5DC /* HTMyCenterHeader.m in Sources */,
				6F63D9C81EA5E21C00B4AF23 /* HTMessageController.m in Sources */,
				54FE23E61ED6B591009AA82D /* HTMyCenterController.m in Sources */,
				6F63D9C41EA5E21B00B4AF23 /* HTHomeMainController.m in Sources */,
				541E865E1ED7F1C70059E5DC /* HTBaseTableView.m in Sources */,
				6F63D9C31EA5E21B00B4AF23 /* YTModel.m in Sources */,
				6F85859A1E9F60AA0072D840 /* main.m in Sources */,
				6F63D9401EA5D8DC00B4AF23 /* AppDelegate.m in Sources */,
				541AB65D1EF22189002EBB36 /* NSJSONSerialization+BSLJSON.m in Sources */,
				541AB65C1EF22189002EBB36 /* ClientRequestManger.m in Sources */,
				541AB65A1EF22189002EBB36 /* APIServiceUrl.m in Sources */,
				6F63D9C21EA5E21B00B4AF23 /* MyApplicationView.m in Sources */,
			);
			runOnlyForDeploymentPostprocessing = 0;
		};
/* End PBXSourcesBuildPhase section */

/* Begin PBXVariantGroup section */
		6F8585A11E9F60AA0072D840 /* Main.storyboard */ = {
			isa = PBXVariantGroup;
			children = (
				6F8585A21E9F60AA0072D840 /* Base */,
			);
			name = Main.storyboard;
			sourceTree = "<group>";
		};
		6F8585A61E9F60AA0072D840 /* LaunchScreen.storyboard */ = {
			isa = PBXVariantGroup;
			children = (
				6F8585A71E9F60AA0072D840 /* Base */,
			);
			name = LaunchScreen.storyboard;
			sourceTree = "<group>";
		};
/* End PBXVariantGroup section */

/* Begin XCBuildConfiguration section */
		6F8585AA1E9F60AA0072D840 /* Debug */ = {
			isa = XCBuildConfiguration;
			buildSettings = {
				ALWAYS_SEARCH_USER_PATHS = NO;
				CLANG_ANALYZER_NONNULL = YES;
				CLANG_ANALYZER_NUMBER_OBJECT_CONVERSION = YES_AGGRESSIVE;
				CLANG_CXX_LANGUAGE_STANDARD = "gnu++0x";
				CLANG_CXX_LIBRARY = "libc++";
				CLANG_ENABLE_MODULES = YES;
				CLANG_ENABLE_OBJC_ARC = YES;
				CLANG_WARN_BOOL_CONVERSION = YES;
				CLANG_WARN_CONSTANT_CONVERSION = YES;
				CLANG_WARN_DIRECT_OBJC_ISA_USAGE = YES_ERROR;
				CLANG_WARN_DOCUMENTATION_COMMENTS = YES;
				CLANG_WARN_EMPTY_BODY = YES;
				CLANG_WARN_ENUM_CONVERSION = YES;
				CLANG_WARN_INFINITE_RECURSION = YES;
				CLANG_WARN_INT_CONVERSION = YES;
				CLANG_WARN_OBJC_ROOT_CLASS = YES_ERROR;
				CLANG_WARN_SUSPICIOUS_MOVE = YES;
				CLANG_WARN_UNREACHABLE_CODE = YES;
				CLANG_WARN__DUPLICATE_METHOD_MATCH = YES;
				"CODE_SIGN_IDENTITY[sdk=iphoneos*]" = "iPhone Developer";
				COPY_PHASE_STRIP = NO;
				DEBUG_INFORMATION_FORMAT = dwarf;
				ENABLE_STRICT_OBJC_MSGSEND = YES;
				ENABLE_TESTABILITY = YES;
				GCC_C_LANGUAGE_STANDARD = gnu99;
				GCC_DYNAMIC_NO_PIC = NO;
				GCC_NO_COMMON_BLOCKS = YES;
				GCC_OPTIMIZATION_LEVEL = 0;
				GCC_PREPROCESSOR_DEFINITIONS = (
					"DEBUG=1",
					"$(inherited)",
				);
				GCC_WARN_64_TO_32_BIT_CONVERSION = YES;
				GCC_WARN_ABOUT_RETURN_TYPE = YES_ERROR;
				GCC_WARN_UNDECLARED_SELECTOR = YES;
				GCC_WARN_UNINITIALIZED_AUTOS = YES_AGGRESSIVE;
				GCC_WARN_UNUSED_FUNCTION = YES;
				GCC_WARN_UNUSED_VARIABLE = YES;
				IPHONEOS_DEPLOYMENT_TARGET = 10.3;
				MTL_ENABLE_DEBUG_INFO = YES;
				ONLY_ACTIVE_ARCH = YES;
				SDKROOT = iphoneos;
			};
			name = Debug;
		};
		6F8585AB1E9F60AA0072D840 /* Release */ = {
			isa = XCBuildConfiguration;
			buildSettings = {
				ALWAYS_SEARCH_USER_PATHS = NO;
				CLANG_ANALYZER_NONNULL = YES;
				CLANG_ANALYZER_NUMBER_OBJECT_CONVERSION = YES_AGGRESSIVE;
				CLANG_CXX_LANGUAGE_STANDARD = "gnu++0x";
				CLANG_CXX_LIBRARY = "libc++";
				CLANG_ENABLE_MODULES = YES;
				CLANG_ENABLE_OBJC_ARC = YES;
				CLANG_WARN_BOOL_CONVERSION = YES;
				CLANG_WARN_CONSTANT_CONVERSION = YES;
				CLANG_WARN_DIRECT_OBJC_ISA_USAGE = YES_ERROR;
				CLANG_WARN_DOCUMENTATION_COMMENTS = YES;
				CLANG_WARN_EMPTY_BODY = YES;
				CLANG_WARN_ENUM_CONVERSION = YES;
				CLANG_WARN_INFINITE_RECURSION = YES;
				CLANG_WARN_INT_CONVERSION = YES;
				CLANG_WARN_OBJC_ROOT_CLASS = YES_ERROR;
				CLANG_WARN_SUSPICIOUS_MOVE = YES;
				CLANG_WARN_UNREACHABLE_CODE = YES;
				CLANG_WARN__DUPLICATE_METHOD_MATCH = YES;
				"CODE_SIGN_IDENTITY[sdk=iphoneos*]" = "iPhone Developer";
				COPY_PHASE_STRIP = NO;
				DEBUG_INFORMATION_FORMAT = "dwarf-with-dsym";
				ENABLE_NS_ASSERTIONS = NO;
				ENABLE_STRICT_OBJC_MSGSEND = YES;
				GCC_C_LANGUAGE_STANDARD = gnu99;
				GCC_NO_COMMON_BLOCKS = YES;
				GCC_WARN_64_TO_32_BIT_CONVERSION = YES;
				GCC_WARN_ABOUT_RETURN_TYPE = YES_ERROR;
				GCC_WARN_UNDECLARED_SELECTOR = YES;
				GCC_WARN_UNINITIALIZED_AUTOS = YES_AGGRESSIVE;
				GCC_WARN_UNUSED_FUNCTION = YES;
				GCC_WARN_UNUSED_VARIABLE = YES;
				IPHONEOS_DEPLOYMENT_TARGET = 10.3;
				MTL_ENABLE_DEBUG_INFO = NO;
				SDKROOT = iphoneos;
				VALIDATE_PRODUCT = YES;
			};
			name = Release;
		};
		6F8585AD1E9F60AA0072D840 /* Debug */ = {
			isa = XCBuildConfiguration;
			baseConfigurationReference = DA275ED3E6CB8A3E9CC65630 /* Pods-AlipayDemo.debug.xcconfig */;
			buildSettings = {
				ASSETCATALOG_COMPILER_APPICON_NAME = AppIcon;
				DEVELOPMENT_TEAM = "";
				GCC_PREFIX_HEADER = "${SRCROOT}/AlipayDemo/YTPrefixHeader.pch";
				INFOPLIST_FILE = AlipayDemo/Info.plist;
				IPHONEOS_DEPLOYMENT_TARGET = 9.2;
				LD_RUNPATH_SEARCH_PATHS = "$(inherited) @executable_path/Frameworks";
				LINK_WITH_STANDARD_LIBRARIES = YES;
				OTHER_LDFLAGS = (
					"$(inherited)",
					"-l\"MJRefresh\"",
					"-l\"SDWebImage\"",
					"-framework",
					"\"ImageIO\"",
					"-ObjC",
				);
				PRODUCT_BUNDLE_IDENTIFIER = yutong.AlipayDemo;
				PRODUCT_NAME = "$(TARGET_NAME)";
				PROVISIONING_PROFILE_SPECIFIER = "";
			};
			name = Debug;
		};
		6F8585AE1E9F60AA0072D840 /* Release */ = {
			isa = XCBuildConfiguration;
			baseConfigurationReference = 293A1EFCD3D4C588041F8492 /* Pods-AlipayDemo.release.xcconfig */;
			buildSettings = {
				ASSETCATALOG_COMPILER_APPICON_NAME = AppIcon;
				DEVELOPMENT_TEAM = "";
				GCC_PREFIX_HEADER = "${SRCROOT}/AlipayDemo/YTPrefixHeader.pch";
				INFOPLIST_FILE = AlipayDemo/Info.plist;
				IPHONEOS_DEPLOYMENT_TARGET = 9.2;
				LD_RUNPATH_SEARCH_PATHS = "$(inherited) @executable_path/Frameworks";
				LINK_WITH_STANDARD_LIBRARIES = YES;
				OTHER_LDFLAGS = (
					"$(inherited)",
					"-l\"MJRefresh\"",
					"-l\"SDWebImage\"",
					"-framework",
					"\"ImageIO\"",
					"-ObjC",
				);
				PRODUCT_BUNDLE_IDENTIFIER = yutong.AlipayDemo;
				PRODUCT_NAME = "$(TARGET_NAME)";
				PROVISIONING_PROFILE_SPECIFIER = "";
			};
			name = Release;
		};
/* End XCBuildConfiguration section */

/* Begin XCConfigurationList section */
		6F8585901E9F60AA0072D840 /* Build configuration list for PBXProject "AlipayDemo" */ = {
			isa = XCConfigurationList;
			buildConfigurations = (
				6F8585AA1E9F60AA0072D840 /* Debug */,
				6F8585AB1E9F60AA0072D840 /* Release */,
			);
			defaultConfigurationIsVisible = 0;
			defaultConfigurationName = Release;
		};
		6F8585AC1E9F60AA0072D840 /* Build configuration list for PBXNativeTarget "AlipayDemo" */ = {
			isa = XCConfigurationList;
			buildConfigurations = (
				6F8585AD1E9F60AA0072D840 /* Debug */,
				6F8585AE1E9F60AA0072D840 /* Release */,
			);
			defaultConfigurationIsVisible = 0;
			defaultConfigurationName = Release;
		};
/* End XCConfigurationList section */
	};
	rootObject = 6F85858D1E9F60AA0072D840 /* Project object */;
}
